
Microsoft Visual Studio Solution File, Format Version 12.00
# Visual Studio Version 17
VisualStudioVersion = 17.10.35013.160
MinimumVisualStudioVersion = 10.0.40219.1
Project("{2150E333-8FDC-42A3-9474-1A3956D46DE8}") = "src", "src", "{D7E187FC-B018-4FF4-ADA4-44C01F772E8A}"
EndProject
Project("{2150E333-8FDC-42A3-9474-1A3956D46DE8}") = "Services", "Services", "{D35027E5-63B8-48CA-ACE1-F2094C7AE8A1}"
EndProject
Project("{2150E333-8FDC-42A3-9474-1A3956D46DE8}") = "IDPService", "IDPService", "{C9AA6A5B-18AD-4835-BE1A-74DF0F9793E4}"
EndProject
Project("{9A19103F-16F7-4668-BE54-9A1E7A4F7556}") = "IDP.Api", "src\Services\IDPService\IDP.Api\IDP.Api.csproj", "{D9C76F36-6FA5-4A5C-BAFB-8DB91EC1E16D}"
EndProject
Project("{9A19103F-16F7-4668-BE54-9A1E7A4F7556}") = "IDP.Domain", "src\Services\IDPService\IDP.Domain\IDP.Domain.csproj", "{A54CAD22-1027-44F1-B47C-CE152FBB0BC5}"
EndProject
Project("{9A19103F-16F7-4668-BE54-9A1E7A4F7556}") = "IDP.Application", "src\Services\IDPService\IDP.Application\IDP.Application.csproj", "{1C15D338-B19B-4B24-A43F-9368BDE135D6}"
EndProject
Project("{9A19103F-16F7-4668-BE54-9A1E7A4F7556}") = "IDP.Infrastructure", "src\Services\IDPService\IDP.Infrastructure\IDP.Infrastructure.csproj", "{FD7C75F6-C6E6-4281-9B61-2C0227F10B00}"
EndProject
Project("{9A19103F-16F7-4668-BE54-9A1E7A4F7556}") = "IDP.IOC", "src\Services\IDPService\IDP.IOC\IDP.IOC.csproj", "{A2D58C12-008D-4A3A-A703-D8BE694C92FA}"
EndProject
Project("{9A19103F-16F7-4668-BE54-9A1E7A4F7556}") = "IDP.UnitTest", "src\Services\IDPService\IDP.UnitTest\IDP.UnitTest.csproj", "{53A61457-D933-4349-9AD3-E4C7DB479524}"
EndProject
Project("{2150E333-8FDC-42A3-9474-1A3956D46DE8}") = "BasketService", "BasketService", "{7EB12F1C-CF16-4252-A512-57999A03DC81}"
EndProject
Project("{2150E333-8FDC-42A3-9474-1A3956D46DE8}") = "CatalogService", "CatalogService", "{E688DD28-4A75-4FE4-A38F-C9E6E73534FC}"
EndProject
Project("{2150E333-8FDC-42A3-9474-1A3956D46DE8}") = "OrderService", "OrderService", "{8012B56D-2FAA-4C90-80E9-D5193A61BC3D}"
EndProject
Project("{2150E333-8FDC-42A3-9474-1A3956D46DE8}") = "ReportService", "ReportService", "{72A51DE6-D2A1-4926-A6DD-EC95C23A3456}"
EndProject
Project("{2150E333-8FDC-42A3-9474-1A3956D46DE8}") = "SearchService", "SearchService", "{492F18E0-5708-4BE8-AEB7-6506D9A546A1}"
EndProject
Project("{2150E333-8FDC-42A3-9474-1A3956D46DE8}") = "Common", "Common", "{BCAF89B6-9510-4013-8804-58AC4D621822}"
EndProject
Project("{2150E333-8FDC-42A3-9474-1A3956D46DE8}") = "ApiGateway", "ApiGateway", "{5C082D98-ADCB-49EA-A991-2F3B78F64E56}"
EndProject
Project("{FAE04EC0-301F-11D3-BF4B-00C04F79EFBC}") = "Auth", "src\Common\Auth\Auth.csproj", "{9D6C9F09-ADEB-4753-8835-37A949490A28}"
EndProject
Global
	GlobalSection(SolutionConfigurationPlatforms) = preSolution
		Debug|Any CPU = Debug|Any CPU
		Release|Any CPU = Release|Any CPU
	EndGlobalSection
	GlobalSection(ProjectConfigurationPlatforms) = postSolution
		{D9C76F36-6FA5-4A5C-BAFB-8DB91EC1E16D}.Debug|Any CPU.ActiveCfg = Debug|Any CPU
		{D9C76F36-6FA5-4A5C-BAFB-8DB91EC1E16D}.Debug|Any CPU.Build.0 = Debug|Any CPU
		{D9C76F36-6FA5-4A5C-BAFB-8DB91EC1E16D}.Release|Any CPU.ActiveCfg = Release|Any CPU
		{D9C76F36-6FA5-4A5C-BAFB-8DB91EC1E16D}.Release|Any CPU.Build.0 = Release|Any CPU
		{A54CAD22-1027-44F1-B47C-CE152FBB0BC5}.Debug|Any CPU.ActiveCfg = Debug|Any CPU
		{A54CAD22-1027-44F1-B47C-CE152FBB0BC5}.Debug|Any CPU.Build.0 = Debug|Any CPU
		{A54CAD22-1027-44F1-B47C-CE152FBB0BC5}.Release|Any CPU.ActiveCfg = Release|Any CPU
		{A54CAD22-1027-44F1-B47C-CE152FBB0BC5}.Release|Any CPU.Build.0 = Release|Any CPU
		{1C15D338-B19B-4B24-A43F-9368BDE135D6}.Debug|Any CPU.ActiveCfg = Debug|Any CPU
		{1C15D338-B19B-4B24-A43F-9368BDE135D6}.Debug|Any CPU.Build.0 = Debug|Any CPU
		{1C15D338-B19B-4B24-A43F-9368BDE135D6}.Release|Any CPU.ActiveCfg = Release|Any CPU
		{1C15D338-B19B-4B24-A43F-9368BDE135D6}.Release|Any CPU.Build.0 = Release|Any CPU
		{FD7C75F6-C6E6-4281-9B61-2C0227F10B00}.Debug|Any CPU.ActiveCfg = Debug|Any CPU
		{FD7C75F6-C6E6-4281-9B61-2C0227F10B00}.Debug|Any CPU.Build.0 = Debug|Any CPU
		{FD7C75F6-C6E6-4281-9B61-2C0227F10B00}.Release|Any CPU.ActiveCfg = Release|Any CPU
		{FD7C75F6-C6E6-4281-9B61-2C0227F10B00}.Release|Any CPU.Build.0 = Release|Any CPU
		{A2D58C12-008D-4A3A-A703-D8BE694C92FA}.Debug|Any CPU.ActiveCfg = Debug|Any CPU
		{A2D58C12-008D-4A3A-A703-D8BE694C92FA}.Debug|Any CPU.Build.0 = Debug|Any CPU
		{A2D58C12-008D-4A3A-A703-D8BE694C92FA}.Release|Any CPU.ActiveCfg = Release|Any CPU
		{A2D58C12-008D-4A3A-A703-D8BE694C92FA}.Release|Any CPU.Build.0 = Release|Any CPU
		{53A61457-D933-4349-9AD3-E4C7DB479524}.Debug|Any CPU.ActiveCfg = Debug|Any CPU
		{53A61457-D933-4349-9AD3-E4C7DB479524}.Debug|Any CPU.Build.0 = Debug|Any CPU
		{53A61457-D933-4349-9AD3-E4C7DB479524}.Release|Any CPU.ActiveCfg = Release|Any CPU
		{53A61457-D933-4349-9AD3-E4C7DB479524}.Release|Any CPU.Build.0 = Release|Any CPU
		{9D6C9F09-ADEB-4753-8835-37A949490A28}.Debug|Any CPU.ActiveCfg = Debug|Any CPU
		{9D6C9F09-ADEB-4753-8835-37A949490A28}.Debug|Any CPU.Build.0 = Debug|Any CPU
		{9D6C9F09-ADEB-4753-8835-37A949490A28}.Release|Any CPU.ActiveCfg = Release|Any CPU
		{9D6C9F09-ADEB-4753-8835-37A949490A28}.Release|Any CPU.Build.0 = Release|Any CPU
	EndGlobalSection
	GlobalSection(SolutionProperties) = preSolution
		HideSolutionNode = FALSE
	EndGlobalSection
	GlobalSection(NestedProjects) = preSolution
		{D35027E5-63B8-48CA-ACE1-F2094C7AE8A1} = {D7E187FC-B018-4FF4-ADA4-44C01F772E8A}
		{C9AA6A5B-18AD-4835-BE1A-74DF0F9793E4} = {D35027E5-63B8-48CA-ACE1-F2094C7AE8A1}
		{D9C76F36-6FA5-4A5C-BAFB-8DB91EC1E16D} = {C9AA6A5B-18AD-4835-BE1A-74DF0F9793E4}
		{A54CAD22-1027-44F1-B47C-CE152FBB0BC5} = {C9AA6A5B-18AD-4835-BE1A-74DF0F9793E4}
		{1C15D338-B19B-4B24-A43F-9368BDE135D6} = {C9AA6A5B-18AD-4835-BE1A-74DF0F9793E4}
		{FD7C75F6-C6E6-4281-9B61-2C0227F10B00} = {C9AA6A5B-18AD-4835-BE1A-74DF0F9793E4}
		{A2D58C12-008D-4A3A-A703-D8BE694C92FA} = {C9AA6A5B-18AD-4835-BE1A-74DF0F9793E4}
		{53A61457-D933-4349-9AD3-E4C7DB479524} = {C9AA6A5B-18AD-4835-BE1A-74DF0F9793E4}
		{7EB12F1C-CF16-4252-A512-57999A03DC81} = {D35027E5-63B8-48CA-ACE1-F2094C7AE8A1}
		{E688DD28-4A75-4FE4-A38F-C9E6E73534FC} = {D35027E5-63B8-48CA-ACE1-F2094C7AE8A1}
		{8012B56D-2FAA-4C90-80E9-D5193A61BC3D} = {D35027E5-63B8-48CA-ACE1-F2094C7AE8A1}
		{72A51DE6-D2A1-4926-A6DD-EC95C23A3456} = {D35027E5-63B8-48CA-ACE1-F2094C7AE8A1}
		{492F18E0-5708-4BE8-AEB7-6506D9A546A1} = {D35027E5-63B8-48CA-ACE1-F2094C7AE8A1}
		{BCAF89B6-9510-4013-8804-58AC4D621822} = {D7E187FC-B018-4FF4-ADA4-44C01F772E8A}
		{5C082D98-ADCB-49EA-A991-2F3B78F64E56} = {D35027E5-63B8-48CA-ACE1-F2094C7AE8A1}
		{9D6C9F09-ADEB-4753-8835-37A949490A28} = {BCAF89B6-9510-4013-8804-58AC4D621822}
	EndGlobalSection
	GlobalSection(ExtensibilityGlobals) = postSolution
		SolutionGuid = {1A6292D5-8510-47E3-A618-87B151842C6A}
	EndGlobalSection
EndGlobal
